
Microsoft Visual Studio Solution File, Format Version 12.00
# Visual Studio 15
VisualStudioVersion = 15.0.28010.2003
MinimumVisualStudioVersion = 10.0.40219.1
Project("{FAE04EC0-301F-11D3-BF4B-00C04F79EFBC}") = "Lab", "Lab\Lab.csproj", "{887E4248-4ADB-4030-B257-FDC61F8B4427}"
EndProject
Global
	GlobalSection(SolutionConfigurationPlatforms) = preSolution
		Debug|Any CPU = Debug|Any CPU
		Release|Any CPU = Release|Any CPU
	EndGlobalSection
	GlobalSection(ProjectConfigurationPlatforms) = postSolution
		{887E4248-4ADB-4030-B257-FDC61F8B4427}.Debug|Any CPU.ActiveCfg = Debug|Any CPU
		{887E4248-4ADB-4030-B257-FDC61F8B4427}.Debug|Any CPU.Build.0 = Debug|Any CPU
		{887E4248-4ADB-4030-B257-FDC61F8B4427}.Release|Any CPU.ActiveCfg = Release|Any CPU
		{887E4248-4ADB-4030-B257-FDC61F8B4427}.Release|Any CPU.Build.0 = Release|Any CPU
	EndGlobalSection
	GlobalSection(SolutionProperties) = preSolution
		HideSolutionNode = FALSE
	EndGlobalSection
	GlobalSection(ExtensibilityGlobals) = postSolution
		SolutionGuid = {DD930408-4156-4064-ADF3-DABD15CB1408}
	EndGlobalSection
EndGlobal
